{
  "originHash" : "d5349c365c91a17b72dccec325d531014d953adcae2c049e2c390dde8f43408e",
  "pins" : [
    {
      "identity" : "macfacekit",
      "kind" : "remoteSourceControl",
      "location" : "https://github.com/400faces/MacFaceKit.git",
      "state" : {
        "revision" : "eab6e0ad535827d69704ec16bec73fefdac1834b",
        "version" : "0.3.3"
      }
    }
  ],
  "version" : 3
}
