{
  "originHash" : "131e8f849b83c9edd4e6312721a2b16f935014da297c4445c7bfc0d17b02347a",
  "pins" : [
    {
      "identity" : "macfacekit",
      "kind" : "remoteSourceControl",
      "location" : "https://github.com/400faces/MacFaceKit.git",
      "state" : {
        "revision" : "c430176469758fa465d2d3d9399859c9467bfd6e",
        "version" : "0.4.2"
      }
    }
  ],
  "version" : 3
}
