{
  "originHash" : "c604f2fcacc5d2ef38c1f682f1befe741f9b74410a07b81cc1f5963ce22976db",
  "pins" : [
    {
      "identity" : "macfacekit",
      "kind" : "remoteSourceControl",
      "location" : "https://github.com/400faces/MacFaceKit.git",
      "state" : {
        "revision" : "ea9d6c6737612365001b78f6845ddbaee51d355a",
        "version" : "0.3.0"
      }
    }
  ],
  "version" : 3
}
